
Microsoft Visual Studio Solution File, Format Version 12.00
# Visual Studio 15
VisualStudioVersion = 15.0.28010.2041
MinimumVisualStudioVersion = 10.0.40219.1
Project("{FAE04EC0-301F-11D3-BF4B-00C04F79EFBC}") = "Laba1", "Laba1\Laba1.csproj", "{FE73017C-851B-419C-AB18-1615FAFA1B02}"
EndProject
Global
	GlobalSection(SolutionConfigurationPlatforms) = preSolution
		Debug|Any CPU = Debug|Any CPU
		Release|Any CPU = Release|Any CPU
	EndGlobalSection
	GlobalSection(ProjectConfigurationPlatforms) = postSolution
		{FE73017C-851B-419C-AB18-1615FAFA1B02}.Debug|Any CPU.ActiveCfg = Debug|Any CPU
		{FE73017C-851B-419C-AB18-1615FAFA1B02}.Debug|Any CPU.Build.0 = Debug|Any CPU
		{FE73017C-851B-419C-AB18-1615FAFA1B02}.Release|Any CPU.ActiveCfg = Release|Any CPU
		{FE73017C-851B-419C-AB18-1615FAFA1B02}.Release|Any CPU.Build.0 = Release|Any CPU
	EndGlobalSection
	GlobalSection(SolutionProperties) = preSolution
		HideSolutionNode = FALSE
	EndGlobalSection
	GlobalSection(ExtensibilityGlobals) = postSolution
		SolutionGuid = {0731D8DE-8511-4446-B9FE-EED1E68D82D3}
	EndGlobalSection
EndGlobal
